
Microsoft Visual Studio Solution File, Format Version 12.00
# Visual Studio Version 16
VisualStudioVersion = 16.0.31129.286
MinimumVisualStudioVersion = 10.0.40219.1
Project("{FAE04EC0-301F-11D3-BF4B-00C04F79EFBC}") = "KeyLoggerApp", "KeyLoggerApp\KeyLoggerApp.csproj", "{3EB7FD75-A098-4B36-B0AB-47A752D59FDA}"
EndProject
Global
	GlobalSection(SolutionConfigurationPlatforms) = preSolution
		Debug|Any CPU = Debug|Any CPU
		Release|Any CPU = Release|Any CPU
	EndGlobalSection
	GlobalSection(ProjectConfigurationPlatforms) = postSolution
		{3EB7FD75-A098-4B36-B0AB-47A752D59FDA}.Debug|Any CPU.ActiveCfg = Debug|Any CPU
		{3EB7FD75-A098-4B36-B0AB-47A752D59FDA}.Debug|Any CPU.Build.0 = Debug|Any CPU
		{3EB7FD75-A098-4B36-B0AB-47A752D59FDA}.Release|Any CPU.ActiveCfg = Release|Any CPU
		{3EB7FD75-A098-4B36-B0AB-47A752D59FDA}.Release|Any CPU.Build.0 = Release|Any CPU
	EndGlobalSection
	GlobalSection(SolutionProperties) = preSolution
		HideSolutionNode = FALSE
	EndGlobalSection
	GlobalSection(ExtensibilityGlobals) = postSolution
		SolutionGuid = {A05E92F3-2624-4017-8A85-FD2D50E50D13}
	EndGlobalSection
EndGlobal
